// !$*UTF8*$!
{
	archiveVersion = 1;
	classes = {
	};
	objectVersion = 56;
	objects = {

/* Begin PBXBuildFile section */
		FC64FBFD2C17013C00C96A92 /* PostTableViewCell.xib in Resources */ = {isa = PBXBuildFile; fileRef = FC64FBFC2C17013B00C96A92 /* PostTableViewCell.xib */; };
		FC64FBFF2C17417700C96A92 /* MyPageViewController.swift in Sources */ = {isa = PBXBuildFile; fileRef = FC64FBFE2C17417700C96A92 /* MyPageViewController.swift */; };
		FC64FC012C17435F00C96A92 /* MyPageTableViewCell.swift in Sources */ = {isa = PBXBuildFile; fileRef = FC64FC002C17435F00C96A92 /* MyPageTableViewCell.swift */; };
		FC64FC032C17469500C96A92 /* MyPageTableViewCell.xib in Resources */ = {isa = PBXBuildFile; fileRef = FC64FC022C17469500C96A92 /* MyPageTableViewCell.xib */; };
		FCBCC9042C0E1876002DA735 /* AppDelegate.swift in Sources */ = {isa = PBXBuildFile; fileRef = FCBCC9032C0E1876002DA735 /* AppDelegate.swift */; };
		FCBCC9062C0E1876002DA735 /* SceneDelegate.swift in Sources */ = {isa = PBXBuildFile; fileRef = FCBCC9052C0E1876002DA735 /* SceneDelegate.swift */; };
		FCBCC9082C0E1876002DA735 /* ViewController.swift in Sources */ = {isa = PBXBuildFile; fileRef = FCBCC9072C0E1876002DA735 /* ViewController.swift */; };
		FCBCC90B2C0E1876002DA735 /* Base in Resources */ = {isa = PBXBuildFile; fileRef = FCBCC90A2C0E1876002DA735 /* Base */; };
		FCBCC90D2C0E1879002DA735 /* Assets.xcassets in Resources */ = {isa = PBXBuildFile; fileRef = FCBCC90C2C0E1879002DA735 /* Assets.xcassets */; };
		FCBCC9102C0E1879002DA735 /* Base in Resources */ = {isa = PBXBuildFile; fileRef = FCBCC90F2C0E1879002DA735 /* Base */; };
		FCBCC9182C0E1A12002DA735 /* GoogleService-Info.plist in Resources */ = {isa = PBXBuildFile; fileRef = FCBCC9172C0E1A11002DA735 /* GoogleService-Info.plist */; };
		FCBCC91C2C0E1A9C002DA735 /* FirebaseAuth in Frameworks */ = {isa = PBXBuildFile; productRef = FCBCC91B2C0E1A9C002DA735 /* FirebaseAuth */; };
		FCBCC91E2C0E1A9C002DA735 /* FirebaseDatabase in Frameworks */ = {isa = PBXBuildFile; productRef = FCBCC91D2C0E1A9C002DA735 /* FirebaseDatabase */; };
		FCBCC9202C0E1A9C002DA735 /* FirebaseFirestore in Frameworks */ = {isa = PBXBuildFile; productRef = FCBCC91F2C0E1A9C002DA735 /* FirebaseFirestore */; };
		FCBCC9222C0E1A9C002DA735 /* FirebaseStorage in Frameworks */ = {isa = PBXBuildFile; productRef = FCBCC9212C0E1A9C002DA735 /* FirebaseStorage */; };
		FCBCC9242C0E1AF7002DA735 /* FirebaseAuthCombine-Community in Frameworks */ = {isa = PBXBuildFile; productRef = FCBCC9232C0E1AF7002DA735 /* FirebaseAuthCombine-Community */; };
		FCBCC9262C0E1D3C002DA735 /* LoginViewController.swift in Sources */ = {isa = PBXBuildFile; fileRef = FCBCC9252C0E1D3C002DA735 /* LoginViewController.swift */; };
		FCBCC9282C0E1E50002DA735 /* SignupViewController.swift in Sources */ = {isa = PBXBuildFile; fileRef = FCBCC9272C0E1E50002DA735 /* SignupViewController.swift */; };
		FCBCC92A2C0E1F71002DA735 /* MainViewController.swift in Sources */ = {isa = PBXBuildFile; fileRef = FCBCC9292C0E1F71002DA735 /* MainViewController.swift */; };
		FCBCC9302C0EC31E002DA735 /* SearchViewController.swift in Sources */ = {isa = PBXBuildFile; fileRef = FCBCC92F2C0EC31E002DA735 /* SearchViewController.swift */; };
		FCBCC9322C0EC544002DA735 /* PostTableViewCell.swift in Sources */ = {isa = PBXBuildFile; fileRef = FCBCC9312C0EC544002DA735 /* PostTableViewCell.swift */; };
		FCBCC9342C0EC6ED002DA735 /* Post.swift in Sources */ = {isa = PBXBuildFile; fileRef = FCBCC9332C0EC6ED002DA735 /* Post.swift */; };
		FCBCC9362C0F40E3002DA735 /* ReviewViewController.swift in Sources */ = {isa = PBXBuildFile; fileRef = FCBCC9352C0F40E3002DA735 /* ReviewViewController.swift */; };
		FCBCC9382C0F4286002DA735 /* PostCollectionViewCell.swift in Sources */ = {isa = PBXBuildFile; fileRef = FCBCC9372C0F4286002DA735 /* PostCollectionViewCell.swift */; };
		FCBCC93B2C0F4323002DA735 /* SDWebImage in Frameworks */ = {isa = PBXBuildFile; productRef = FCBCC93A2C0F4323002DA735 /* SDWebImage */; };
		FCBCC93D2C0F4323002DA735 /* SDWebImageMapKit in Frameworks */ = {isa = PBXBuildFile; productRef = FCBCC93C2C0F4323002DA735 /* SDWebImageMapKit */; };
		FCBCC93F2C0F53C6002DA735 /* DetailViewController.swift in Sources */ = {isa = PBXBuildFile; fileRef = FCBCC93E2C0F53C6002DA735 /* DetailViewController.swift */; };
/* End PBXBuildFile section */

/* Begin PBXFileReference section */
		FC64FBFC2C17013B00C96A92 /* PostTableViewCell.xib */ = {isa = PBXFileReference; lastKnownFileType = file.xib; name = PostTableViewCell.xib; path = ../PostTableViewCell.xib; sourceTree = "<group>"; };
		FC64FBFE2C17417700C96A92 /* MyPageViewController.swift */ = {isa = PBXFileReference; lastKnownFileType = sourcecode.swift; path = MyPageViewController.swift; sourceTree = "<group>"; };
		FC64FC002C17435F00C96A92 /* MyPageTableViewCell.swift */ = {isa = PBXFileReference; lastKnownFileType = sourcecode.swift; path = MyPageTableViewCell.swift; sourceTree = "<group>"; };
		FC64FC022C17469500C96A92 /* MyPageTableViewCell.xib */ = {isa = PBXFileReference; lastKnownFileType = file.xib; path = MyPageTableViewCell.xib; sourceTree = "<group>"; };
		FCBCC9002C0E1876002DA735 /* ReadView.app */ = {isa = PBXFileReference; explicitFileType = wrapper.application; includeInIndex = 0; path = ReadView.app; sourceTree = BUILT_PRODUCTS_DIR; };
		FCBCC9032C0E1876002DA735 /* AppDelegate.swift */ = {isa = PBXFileReference; lastKnownFileType = sourcecode.swift; path = AppDelegate.swift; sourceTree = "<group>"; };
		FCBCC9052C0E1876002DA735 /* SceneDelegate.swift */ = {isa = PBXFileReference; lastKnownFileType = sourcecode.swift; path = SceneDelegate.swift; sourceTree = "<group>"; };
		FCBCC9072C0E1876002DA735 /* ViewController.swift */ = {isa = PBXFileReference; lastKnownFileType = sourcecode.swift; path = ViewController.swift; sourceTree = "<group>"; };
		FCBCC90A2C0E1876002DA735 /* Base */ = {isa = PBXFileReference; lastKnownFileType = file.storyboard; name = Base; path = Base.lproj/Main.storyboard; sourceTree = "<group>"; };
		FCBCC90C2C0E1879002DA735 /* Assets.xcassets */ = {isa = PBXFileReference; lastKnownFileType = folder.assetcatalog; path = Assets.xcassets; sourceTree = "<group>"; };
		FCBCC90F2C0E1879002DA735 /* Base */ = {isa = PBXFileReference; lastKnownFileType = file.storyboard; name = Base; path = Base.lproj/LaunchScreen.storyboard; sourceTree = "<group>"; };
		FCBCC9112C0E1879002DA735 /* Info.plist */ = {isa = PBXFileReference; lastKnownFileType = text.plist.xml; path = Info.plist; sourceTree = "<group>"; };
		FCBCC9172C0E1A11002DA735 /* GoogleService-Info.plist */ = {isa = PBXFileReference; fileEncoding = 4; lastKnownFileType = text.plist.xml; path = "GoogleService-Info.plist"; sourceTree = "<group>"; };
		FCBCC9252C0E1D3C002DA735 /* LoginViewController.swift */ = {isa = PBXFileReference; lastKnownFileType = sourcecode.swift; path = LoginViewController.swift; sourceTree = "<group>"; };
		FCBCC9272C0E1E50002DA735 /* SignupViewController.swift */ = {isa = PBXFileReference; lastKnownFileType = sourcecode.swift; path = SignupViewController.swift; sourceTree = "<group>"; };
		FCBCC9292C0E1F71002DA735 /* MainViewController.swift */ = {isa = PBXFileReference; lastKnownFileType = sourcecode.swift; path = MainViewController.swift; sourceTree = "<group>"; };
		FCBCC92F2C0EC31E002DA735 /* SearchViewController.swift */ = {isa = PBXFileReference; lastKnownFileType = sourcecode.swift; path = SearchViewController.swift; sourceTree = "<group>"; };
		FCBCC9312C0EC544002DA735 /* PostTableViewCell.swift */ = {isa = PBXFileReference; lastKnownFileType = sourcecode.swift; path = PostTableViewCell.swift; sourceTree = "<group>"; };
		FCBCC9332C0EC6ED002DA735 /* Post.swift */ = {isa = PBXFileReference; lastKnownFileType = sourcecode.swift; path = Post.swift; sourceTree = "<group>"; };
		FCBCC9352C0F40E3002DA735 /* ReviewViewController.swift */ = {isa = PBXFileReference; lastKnownFileType = sourcecode.swift; path = ReviewViewController.swift; sourceTree = "<group>"; };
		FCBCC9372C0F4286002DA735 /* PostCollectionViewCell.swift */ = {isa = PBXFileReference; lastKnownFileType = sourcecode.swift; path = PostCollectionViewCell.swift; sourceTree = "<group>"; };
		FCBCC93E2C0F53C6002DA735 /* DetailViewController.swift */ = {isa = PBXFileReference; lastKnownFileType = sourcecode.swift; path = DetailViewController.swift; sourceTree = "<group>"; };
/* End PBXFileReference section */

/* Begin PBXFrameworksBuildPhase section */
		FCBCC8FD2C0E1876002DA735 /* Frameworks */ = {
			isa = PBXFrameworksBuildPhase;
			buildActionMask = 2147483647;
			files = (
				FCBCC93B2C0F4323002DA735 /* SDWebImage in Frameworks */,
				FCBCC91E2C0E1A9C002DA735 /* FirebaseDatabase in Frameworks */,
				FCBCC9222C0E1A9C002DA735 /* FirebaseStorage in Frameworks */,
				FCBCC91C2C0E1A9C002DA735 /* FirebaseAuth in Frameworks */,
				FCBCC9202C0E1A9C002DA735 /* FirebaseFirestore in Frameworks */,
				FCBCC93D2C0F4323002DA735 /* SDWebImageMapKit in Frameworks */,
				FCBCC9242C0E1AF7002DA735 /* FirebaseAuthCombine-Community in Frameworks */,
			);
			runOnlyForDeploymentPostprocessing = 0;
		};
/* End PBXFrameworksBuildPhase section */

/* Begin PBXGroup section */
		FCBCC8F72C0E1876002DA735 = {
			isa = PBXGroup;
			children = (
				FCBCC9022C0E1876002DA735 /* ReadView */,
				FCBCC9012C0E1876002DA735 /* Products */,
				FCBCC91A2C0E1A9C002DA735 /* Frameworks */,
			);
			sourceTree = "<group>";
		};
		FCBCC9012C0E1876002DA735 /* Products */ = {
			isa = PBXGroup;
			children = (
				FCBCC9002C0E1876002DA735 /* ReadView.app */,
			);
			name = Products;
			sourceTree = "<group>";
		};
		FCBCC9022C0E1876002DA735 /* ReadView */ = {
			isa = PBXGroup;
			children = (
				FC64FBFC2C17013B00C96A92 /* PostTableViewCell.xib */,
				FCBCC9032C0E1876002DA735 /* AppDelegate.swift */,
				FCBCC9052C0E1876002DA735 /* SceneDelegate.swift */,
				FCBCC9072C0E1876002DA735 /* ViewController.swift */,
				FCBCC9092C0E1876002DA735 /* Main.storyboard */,
				FCBCC90C2C0E1879002DA735 /* Assets.xcassets */,
				FCBCC90E2C0E1879002DA735 /* LaunchScreen.storyboard */,
				FCBCC9112C0E1879002DA735 /* Info.plist */,
				FCBCC9172C0E1A11002DA735 /* GoogleService-Info.plist */,
				FCBCC9252C0E1D3C002DA735 /* LoginViewController.swift */,
				FCBCC9272C0E1E50002DA735 /* SignupViewController.swift */,
				FCBCC9292C0E1F71002DA735 /* MainViewController.swift */,
				FCBCC92F2C0EC31E002DA735 /* SearchViewController.swift */,
				FCBCC9312C0EC544002DA735 /* PostTableViewCell.swift */,
				FCBCC9332C0EC6ED002DA735 /* Post.swift */,
				FCBCC9352C0F40E3002DA735 /* ReviewViewController.swift */,
				FCBCC9372C0F4286002DA735 /* PostCollectionViewCell.swift */,
				FCBCC93E2C0F53C6002DA735 /* DetailViewController.swift */,
				FC64FBFE2C17417700C96A92 /* MyPageViewController.swift */,
				FC64FC002C17435F00C96A92 /* MyPageTableViewCell.swift */,
				FC64FC022C17469500C96A92 /* MyPageTableViewCell.xib */,
			);
			path = ReadView;
			sourceTree = "<group>";
		};
		FCBCC91A2C0E1A9C002DA735 /* Frameworks */ = {
			isa = PBXGroup;
			children = (
			);
			name = Frameworks;
			sourceTree = "<group>";
		};
/* End PBXGroup section */

/* Begin PBXNativeTarget section */
		FCBCC8FF2C0E1876002DA735 /* ReadView */ = {
			isa = PBXNativeTarget;
			buildConfigurationList = FCBCC9142C0E1879002DA735 /* Build configuration list for PBXNativeTarget "ReadView" */;
			buildPhases = (
				FCBCC8FC2C0E1876002DA735 /* Sources */,
				FCBCC8FD2C0E1876002DA735 /* Frameworks */,
				FCBCC8FE2C0E1876002DA735 /* Resources */,
			);
			buildRules = (
			);
			dependencies = (
			);
			name = ReadView;
			packageProductDependencies = (
				FCBCC91B2C0E1A9C002DA735 /* FirebaseAuth */,
				FCBCC91D2C0E1A9C002DA735 /* FirebaseDatabase */,
				FCBCC91F2C0E1A9C002DA735 /* FirebaseFirestore */,
				FCBCC9212C0E1A9C002DA735 /* FirebaseStorage */,
				FCBCC9232C0E1AF7002DA735 /* FirebaseAuthCombine-Community */,
				FCBCC93A2C0F4323002DA735 /* SDWebImage */,
				FCBCC93C2C0F4323002DA735 /* SDWebImageMapKit */,
			);
			productName = ReadView;
			productReference = FCBCC9002C0E1876002DA735 /* ReadView.app */;
			productType = "com.apple.product-type.application";
		};
/* End PBXNativeTarget section */

/* Begin PBXProject section */
		FCBCC8F82C0E1876002DA735 /* Project object */ = {
			isa = PBXProject;
			attributes = {
				BuildIndependentTargetsInParallel = 1;
				LastSwiftUpdateCheck = 1540;
				LastUpgradeCheck = 1540;
				TargetAttributes = {
					FCBCC8FF2C0E1876002DA735 = {
						CreatedOnToolsVersion = 15.4;
					};
				};
			};
			buildConfigurationList = FCBCC8FB2C0E1876002DA735 /* Build configuration list for PBXProject "ReadView" */;
			compatibilityVersion = "Xcode 14.0";
			developmentRegion = en;
			hasScannedForEncodings = 0;
			knownRegions = (
				en,
				Base,
			);
			mainGroup = FCBCC8F72C0E1876002DA735;
			packageReferences = (
				FCBCC9192C0E1A66002DA735 /* XCRemoteSwiftPackageReference "firebase-ios-sdk" */,
				FCBCC9392C0F4323002DA735 /* XCRemoteSwiftPackageReference "SDWebImage" */,
			);
			productRefGroup = FCBCC9012C0E1876002DA735 /* Products */;
			projectDirPath = "";
			projectRoot = "";
			targets = (
				FCBCC8FF2C0E1876002DA735 /* ReadView */,
			);
		};
/* End PBXProject section */

/* Begin PBXResourcesBuildPhase section */
		FCBCC8FE2C0E1876002DA735 /* Resources */ = {
			isa = PBXResourcesBuildPhase;
			buildActionMask = 2147483647;
			files = (
				FC64FC032C17469500C96A92 /* MyPageTableViewCell.xib in Resources */,
				FCBCC90D2C0E1879002DA735 /* Assets.xcassets in Resources */,
				FC64FBFD2C17013C00C96A92 /* PostTableViewCell.xib in Resources */,
				FCBCC9102C0E1879002DA735 /* Base in Resources */,
				FCBCC90B2C0E1876002DA735 /* Base in Resources */,
				FCBCC9182C0E1A12002DA735 /* GoogleService-Info.plist in Resources */,
			);
			runOnlyForDeploymentPostprocessing = 0;
		};
/* End PBXResourcesBuildPhase section */

/* Begin PBXSourcesBuildPhase section */
		FCBCC8FC2C0E1876002DA735 /* Sources */ = {
			isa = PBXSourcesBuildPhase;
			buildActionMask = 2147483647;
			files = (
				FC64FC012C17435F00C96A92 /* MyPageTableViewCell.swift in Sources */,
				FCBCC9262C0E1D3C002DA735 /* LoginViewController.swift in Sources */,
				FCBCC9302C0EC31E002DA735 /* SearchViewController.swift in Sources */,
				FCBCC9362C0F40E3002DA735 /* ReviewViewController.swift in Sources */,
				FCBCC93F2C0F53C6002DA735 /* DetailViewController.swift in Sources */,
				FCBCC9082C0E1876002DA735 /* ViewController.swift in Sources */,
				FCBCC9322C0EC544002DA735 /* PostTableViewCell.swift in Sources */,
				FCBCC9282C0E1E50002DA735 /* SignupViewController.swift in Sources */,
				FC64FBFF2C17417700C96A92 /* MyPageViewController.swift in Sources */,
				FCBCC92A2C0E1F71002DA735 /* MainViewController.swift in Sources */,
				FCBCC9342C0EC6ED002DA735 /* Post.swift in Sources */,
				FCBCC9382C0F4286002DA735 /* PostCollectionViewCell.swift in Sources */,
				FCBCC9042C0E1876002DA735 /* AppDelegate.swift in Sources */,
				FCBCC9062C0E1876002DA735 /* SceneDelegate.swift in Sources */,
			);
			runOnlyForDeploymentPostprocessing = 0;
		};
/* End PBXSourcesBuildPhase section */

/* Begin PBXVariantGroup section */
		FCBCC9092C0E1876002DA735 /* Main.storyboard */ = {
			isa = PBXVariantGroup;
			children = (
				FCBCC90A2C0E1876002DA735 /* Base */,
			);
			name = Main.storyboard;
			sourceTree = "<group>";
		};
		FCBCC90E2C0E1879002DA735 /* LaunchScreen.storyboard */ = {
			isa = PBXVariantGroup;
			children = (
				FCBCC90F2C0E1879002DA735 /* Base */,
			);
			name = LaunchScreen.storyboard;
			sourceTree = "<group>";
		};
/* End PBXVariantGroup section */

/* Begin XCBuildConfiguration section */
		FCBCC9122C0E1879002DA735 /* Debug */ = {
			isa = XCBuildConfiguration;
			buildSettings = {
				ALWAYS_SEARCH_USER_PATHS = NO;
				ASSETCATALOG_COMPILER_GENERATE_SWIFT_ASSET_SYMBOL_EXTENSIONS = YES;
				CLANG_ANALYZER_NONNULL = YES;
				CLANG_ANALYZER_NUMBER_OBJECT_CONVERSION = YES_AGGRESSIVE;
				CLANG_CXX_LANGUAGE_STANDARD = "gnu++20";
				CLANG_ENABLE_MODULES = YES;
				CLANG_ENABLE_OBJC_ARC = YES;
				CLANG_ENABLE_OBJC_WEAK = YES;
				CLANG_WARN_BLOCK_CAPTURE_AUTORELEASING = YES;
				CLANG_WARN_BOOL_CONVERSION = YES;
				CLANG_WARN_COMMA = YES;
				CLANG_WARN_CONSTANT_CONVERSION = YES;
				CLANG_WARN_DEPRECATED_OBJC_IMPLEMENTATIONS = YES;
				CLANG_WARN_DIRECT_OBJC_ISA_USAGE = YES_ERROR;
				CLANG_WARN_DOCUMENTATION_COMMENTS = YES;
				CLANG_WARN_EMPTY_BODY = YES;
				CLANG_WARN_ENUM_CONVERSION = YES;
				CLANG_WARN_INFINITE_RECURSION = YES;
				CLANG_WARN_INT_CONVERSION = YES;
				CLANG_WARN_NON_LITERAL_NULL_CONVERSION = YES;
				CLANG_WARN_OBJC_IMPLICIT_RETAIN_SELF = YES;
				CLANG_WARN_OBJC_LITERAL_CONVERSION = YES;
				CLANG_WARN_OBJC_ROOT_CLASS = YES_ERROR;
				CLANG_WARN_QUOTED_INCLUDE_IN_FRAMEWORK_HEADER = YES;
				CLANG_WARN_RANGE_LOOP_ANALYSIS = YES;
				CLANG_WARN_STRICT_PROTOTYPES = YES;
				CLANG_WARN_SUSPICIOUS_MOVE = YES;
				CLANG_WARN_UNGUARDED_AVAILABILITY = YES_AGGRESSIVE;
				CLANG_WARN_UNREACHABLE_CODE = YES;
				CLANG_WARN__DUPLICATE_METHOD_MATCH = YES;
				COPY_PHASE_STRIP = NO;
				DEBUG_INFORMATION_FORMAT = dwarf;
				ENABLE_STRICT_OBJC_MSGSEND = YES;
				ENABLE_TESTABILITY = YES;
				ENABLE_USER_SCRIPT_SANDBOXING = YES;
				GCC_C_LANGUAGE_STANDARD = gnu17;
				GCC_DYNAMIC_NO_PIC = NO;
				GCC_NO_COMMON_BLOCKS = YES;
				GCC_OPTIMIZATION_LEVEL = 0;
				GCC_PREPROCESSOR_DEFINITIONS = (
					"DEBUG=1",
					"$(inherited)",
				);
				GCC_WARN_64_TO_32_BIT_CONVERSION = YES;
				GCC_WARN_ABOUT_RETURN_TYPE = YES_ERROR;
				GCC_WARN_UNDECLARED_SELECTOR = YES;
				GCC_WARN_UNINITIALIZED_AUTOS = YES_AGGRESSIVE;
				GCC_WARN_UNUSED_FUNCTION = YES;
				GCC_WARN_UNUSED_VARIABLE = YES;
				IPHONEOS_DEPLOYMENT_TARGET = 17.5;
				LOCALIZATION_PREFERS_STRING_CATALOGS = YES;
				MTL_ENABLE_DEBUG_INFO = INCLUDE_SOURCE;
				MTL_FAST_MATH = YES;
				ONLY_ACTIVE_ARCH = YES;
				SDKROOT = iphoneos;
				SWIFT_ACTIVE_COMPILATION_CONDITIONS = "DEBUG $(inherited)";
				SWIFT_OPTIMIZATION_LEVEL = "-Onone";
			};
			name = Debug;
		};
		FCBCC9132C0E1879002DA735 /* Release */ = {
			isa = XCBuildConfiguration;
			buildSettings = {
				ALWAYS_SEARCH_USER_PATHS = NO;
				ASSETCATALOG_COMPILER_GENERATE_SWIFT_ASSET_SYMBOL_EXTENSIONS = YES;
				CLANG_ANALYZER_NONNULL = YES;
				CLANG_ANALYZER_NUMBER_OBJECT_CONVERSION = YES_AGGRESSIVE;
				CLANG_CXX_LANGUAGE_STANDARD = "gnu++20";
				CLANG_ENABLE_MODULES = YES;
				CLANG_ENABLE_OBJC_ARC = YES;
				CLANG_ENABLE_OBJC_WEAK = YES;
				CLANG_WARN_BLOCK_CAPTURE_AUTORELEASING = YES;
				CLANG_WARN_BOOL_CONVERSION = YES;
				CLANG_WARN_COMMA = YES;
				CLANG_WARN_CONSTANT_CONVERSION = YES;
				CLANG_WARN_DEPRECATED_OBJC_IMPLEMENTATIONS = YES;
				CLANG_WARN_DIRECT_OBJC_ISA_USAGE = YES_ERROR;
				CLANG_WARN_DOCUMENTATION_COMMENTS = YES;
				CLANG_WARN_EMPTY_BODY = YES;
				CLANG_WARN_ENUM_CONVERSION = YES;
				CLANG_WARN_INFINITE_RECURSION = YES;
				CLANG_WARN_INT_CONVERSION = YES;
				CLANG_WARN_NON_LITERAL_NULL_CONVERSION = YES;
				CLANG_WARN_OBJC_IMPLICIT_RETAIN_SELF = YES;
				CLANG_WARN_OBJC_LITERAL_CONVERSION = YES;
				CLANG_WARN_OBJC_ROOT_CLASS = YES_ERROR;
				CLANG_WARN_QUOTED_INCLUDE_IN_FRAMEWORK_HEADER = YES;
				CLANG_WARN_RANGE_LOOP_ANALYSIS = YES;
				CLANG_WARN_STRICT_PROTOTYPES = YES;
				CLANG_WARN_SUSPICIOUS_MOVE = YES;
				CLANG_WARN_UNGUARDED_AVAILABILITY = YES_AGGRESSIVE;
				CLANG_WARN_UNREACHABLE_CODE = YES;
				CLANG_WARN__DUPLICATE_METHOD_MATCH = YES;
				COPY_PHASE_STRIP = NO;
				DEBUG_INFORMATION_FORMAT = "dwarf-with-dsym";
				ENABLE_NS_ASSERTIONS = NO;
				ENABLE_STRICT_OBJC_MSGSEND = YES;
				ENABLE_USER_SCRIPT_SANDBOXING = YES;
				GCC_C_LANGUAGE_STANDARD = gnu17;
				GCC_NO_COMMON_BLOCKS = YES;
				GCC_WARN_64_TO_32_BIT_CONVERSION = YES;
				GCC_WARN_ABOUT_RETURN_TYPE = YES_ERROR;
				GCC_WARN_UNDECLARED_SELECTOR = YES;
				GCC_WARN_UNINITIALIZED_AUTOS = YES_AGGRESSIVE;
				GCC_WARN_UNUSED_FUNCTION = YES;
				GCC_WARN_UNUSED_VARIABLE = YES;
				IPHONEOS_DEPLOYMENT_TARGET = 17.5;
				LOCALIZATION_PREFERS_STRING_CATALOGS = YES;
				MTL_ENABLE_DEBUG_INFO = NO;
				MTL_FAST_MATH = YES;
				SDKROOT = iphoneos;
				SWIFT_COMPILATION_MODE = wholemodule;
				VALIDATE_PRODUCT = YES;
			};
			name = Release;
		};
		FCBCC9152C0E1879002DA735 /* Debug */ = {
			isa = XCBuildConfiguration;
			buildSettings = {
				ASSETCATALOG_COMPILER_APPICON_NAME = AppIcon;
				ASSETCATALOG_COMPILER_GLOBAL_ACCENT_COLOR_NAME = AccentColor;
				CODE_SIGN_STYLE = Automatic;
				CURRENT_PROJECT_VERSION = 1;
				GENERATE_INFOPLIST_FILE = YES;
				INFOPLIST_FILE = ReadView/Info.plist;
				INFOPLIST_KEY_UIApplicationSupportsIndirectInputEvents = YES;
				INFOPLIST_KEY_UILaunchStoryboardName = LaunchScreen;
				INFOPLIST_KEY_UIMainStoryboardFile = Main;
				INFOPLIST_KEY_UISupportedInterfaceOrientations_iPad = "UIInterfaceOrientationPortrait UIInterfaceOrientationPortraitUpsideDown UIInterfaceOrientationLandscapeLeft UIInterfaceOrientationLandscapeRight";
				INFOPLIST_KEY_UISupportedInterfaceOrientations_iPhone = "UIInterfaceOrientationPortrait UIInterfaceOrientationLandscapeLeft UIInterfaceOrientationLandscapeRight";
				LD_RUNPATH_SEARCH_PATHS = (
					"$(inherited)",
					"@executable_path/Frameworks",
				);
				MARKETING_VERSION = 1.0;
				PRODUCT_BUNDLE_IDENTIFIER = DS.ReadView;
				PRODUCT_NAME = "$(TARGET_NAME)";
				SWIFT_EMIT_LOC_STRINGS = YES;
				SWIFT_VERSION = 5.0;
				TARGETED_DEVICE_FAMILY = "1,2";
			};
			name = Debug;
		};
		FCBCC9162C0E1879002DA735 /* Release */ = {
			isa = XCBuildConfiguration;
			buildSettings = {
				ASSETCATALOG_COMPILER_APPICON_NAME = AppIcon;
				ASSETCATALOG_COMPILER_GLOBAL_ACCENT_COLOR_NAME = AccentColor;
				CODE_SIGN_STYLE = Automatic;
				CURRENT_PROJECT_VERSION = 1;
				GENERATE_INFOPLIST_FILE = YES;
				INFOPLIST_FILE = ReadView/Info.plist;
				INFOPLIST_KEY_UIApplicationSupportsIndirectInputEvents = YES;
				INFOPLIST_KEY_UILaunchStoryboardName = LaunchScreen;
				INFOPLIST_KEY_UIMainStoryboardFile = Main;
				INFOPLIST_KEY_UISupportedInterfaceOrientations_iPad = "UIInterfaceOrientationPortrait UIInterfaceOrientationPortraitUpsideDown UIInterfaceOrientationLandscapeLeft UIInterfaceOrientationLandscapeRight";
				INFOPLIST_KEY_UISupportedInterfaceOrientations_iPhone = "UIInterfaceOrientationPortrait UIInterfaceOrientationLandscapeLeft UIInterfaceOrientationLandscapeRight";
				LD_RUNPATH_SEARCH_PATHS = (
					"$(inherited)",
					"@executable_path/Frameworks",
				);
				MARKETING_VERSION = 1.0;
				PRODUCT_BUNDLE_IDENTIFIER = DS.ReadView;
				PRODUCT_NAME = "$(TARGET_NAME)";
				SWIFT_EMIT_LOC_STRINGS = YES;
				SWIFT_VERSION = 5.0;
				TARGETED_DEVICE_FAMILY = "1,2";
			};
			name = Release;
		};
/* End XCBuildConfiguration section */

/* Begin XCConfigurationList section */
		FCBCC8FB2C0E1876002DA735 /* Build configuration list for PBXProject "ReadView" */ = {
			isa = XCConfigurationList;
			buildConfigurations = (
				FCBCC9122C0E1879002DA735 /* Debug */,
				FCBCC9132C0E1879002DA735 /* Release */,
			);
			defaultConfigurationIsVisible = 0;
			defaultConfigurationName = Release;
		};
		FCBCC9142C0E1879002DA735 /* Build configuration list for PBXNativeTarget "ReadView" */ = {
			isa = XCConfigurationList;
			buildConfigurations = (
				FCBCC9152C0E1879002DA735 /* Debug */,
				FCBCC9162C0E1879002DA735 /* Release */,
			);
			defaultConfigurationIsVisible = 0;
			defaultConfigurationName = Release;
		};
/* End XCConfigurationList section */

/* Begin XCRemoteSwiftPackageReference section */
		FCBCC9192C0E1A66002DA735 /* XCRemoteSwiftPackageReference "firebase-ios-sdk" */ = {
			isa = XCRemoteSwiftPackageReference;
			repositoryURL = "https://github.com/firebase/firebase-ios-sdk";
			requirement = {
				kind = upToNextMajorVersion;
				minimumVersion = 10.27.0;
			};
		};
		FCBCC9392C0F4323002DA735 /* XCRemoteSwiftPackageReference "SDWebImage" */ = {
			isa = XCRemoteSwiftPackageReference;
			repositoryURL = "https://github.com/SDWebImage/SDWebImage";
			requirement = {
				kind = upToNextMajorVersion;
				minimumVersion = 5.19.3;
			};
		};
/* End XCRemoteSwiftPackageReference section */

/* Begin XCSwiftPackageProductDependency section */
		FCBCC91B2C0E1A9C002DA735 /* FirebaseAuth */ = {
			isa = XCSwiftPackageProductDependency;
			package = FCBCC9192C0E1A66002DA735 /* XCRemoteSwiftPackageReference "firebase-ios-sdk" */;
			productName = FirebaseAuth;
		};
		FCBCC91D2C0E1A9C002DA735 /* FirebaseDatabase */ = {
			isa = XCSwiftPackageProductDependency;
			package = FCBCC9192C0E1A66002DA735 /* XCRemoteSwiftPackageReference "firebase-ios-sdk" */;
			productName = FirebaseDatabase;
		};
		FCBCC91F2C0E1A9C002DA735 /* FirebaseFirestore */ = {
			isa = XCSwiftPackageProductDependency;
			package = FCBCC9192C0E1A66002DA735 /* XCRemoteSwiftPackageReference "firebase-ios-sdk" */;
			productName = FirebaseFirestore;
		};
		FCBCC9212C0E1A9C002DA735 /* FirebaseStorage */ = {
			isa = XCSwiftPackageProductDependency;
			package = FCBCC9192C0E1A66002DA735 /* XCRemoteSwiftPackageReference "firebase-ios-sdk" */;
			productName = FirebaseStorage;
		};
		FCBCC9232C0E1AF7002DA735 /* FirebaseAuthCombine-Community */ = {
			isa = XCSwiftPackageProductDependency;
			package = FCBCC9192C0E1A66002DA735 /* XCRemoteSwiftPackageReference "firebase-ios-sdk" */;
			productName = "FirebaseAuthCombine-Community";
		};
		FCBCC93A2C0F4323002DA735 /* SDWebImage */ = {
			isa = XCSwiftPackageProductDependency;
			package = FCBCC9392C0F4323002DA735 /* XCRemoteSwiftPackageReference "SDWebImage" */;
			productName = SDWebImage;
		};
		FCBCC93C2C0F4323002DA735 /* SDWebImageMapKit */ = {
			isa = XCSwiftPackageProductDependency;
			package = FCBCC9392C0F4323002DA735 /* XCRemoteSwiftPackageReference "SDWebImage" */;
			productName = SDWebImageMapKit;
		};
/* End XCSwiftPackageProductDependency section */
	};
	rootObject = FCBCC8F82C0E1876002DA735 /* Project object */;
}
